// !$*UTF8*$!
{
	archiveVersion = 1;
	classes = {
	};
	objectVersion = 50;
	objects = {

/* Begin PBXBuildFile section */
		1837A7912332B7BA004E9A6D /* AppDelegate.swift in Sources */ = {isa = PBXBuildFile; fileRef = 1837A7902332B7BA004E9A6D /* AppDelegate.swift */; };
		1837A7932332B7BA004E9A6D /* ViewController.swift in Sources */ = {isa = PBXBuildFile; fileRef = 1837A7922332B7BA004E9A6D /* ViewController.swift */; };
		1837A7962332B7BA004E9A6D /* Main.storyboard in Resources */ = {isa = PBXBuildFile; fileRef = 1837A7942332B7BA004E9A6D /* Main.storyboard */; };
		1837A7982332B7BB004E9A6D /* Assets.xcassets in Resources */ = {isa = PBXBuildFile; fileRef = 1837A7972332B7BB004E9A6D /* Assets.xcassets */; };
		1837A79B2332B7BB004E9A6D /* LaunchScreen.storyboard in Resources */ = {isa = PBXBuildFile; fileRef = 1837A7992332B7BB004E9A6D /* LaunchScreen.storyboard */; };
		1837A7A62332B7BB004E9A6D /* CocoapodsDemoTests.swift in Sources */ = {isa = PBXBuildFile; fileRef = 1837A7A52332B7BB004E9A6D /* CocoapodsDemoTests.swift */; };
		1837A7B12332B7BB004E9A6D /* CocoapodsDemoUITests.swift in Sources */ = {isa = PBXBuildFile; fileRef = 1837A7B02332B7BB004E9A6D /* CocoapodsDemoUITests.swift */; };
/* End PBXBuildFile section */

/* Begin PBXContainerItemProxy section */
		1837A7A22332B7BB004E9A6D /* PBXContainerItemProxy */ = {
			isa = PBXContainerItemProxy;
			containerPortal = 1837A7852332B7BA004E9A6D /* Project object */;
			proxyType = 1;
			remoteGlobalIDString = 1837A78C2332B7BA004E9A6D;
			remoteInfo = CocoapodsDemo;
		};
		1837A7AD2332B7BB004E9A6D /* PBXContainerItemProxy */ = {
			isa = PBXContainerItemProxy;
			containerPortal = 1837A7852332B7BA004E9A6D /* Project object */;
			proxyType = 1;
			remoteGlobalIDString = 1837A78C2332B7BA004E9A6D;
			remoteInfo = CocoapodsDemo;
		};
/* End PBXContainerItemProxy section */

/* Begin PBXFileReference section */
		1837A78D2332B7BA004E9A6D /* CocoapodsDemo.app */ = {isa = PBXFileReference; explicitFileType = wrapper.application; includeInIndex = 0; path = CocoapodsDemo.app; sourceTree = BUILT_PRODUCTS_DIR; };
		1837A7902332B7BA004E9A6D /* AppDelegate.swift */ = {isa = PBXFileReference; lastKnownFileType = sourcecode.swift; path = AppDelegate.swift; sourceTree = "<group>"; };
		1837A7922332B7BA004E9A6D /* ViewController.swift */ = {isa = PBXFileReference; lastKnownFileType = sourcecode.swift; path = ViewController.swift; sourceTree = "<group>"; };
		1837A7952332B7BA004E9A6D /* Base */ = {isa = PBXFileReference; lastKnownFileType = file.storyboard; name = Base; path = Base.lproj/Main.storyboard; sourceTree = "<group>"; };
		1837A7972332B7BB004E9A6D /* Assets.xcassets */ = {isa = PBXFileReference; lastKnownFileType = folder.assetcatalog; path = Assets.xcassets; sourceTree = "<group>"; };
		1837A79A2332B7BB004E9A6D /* Base */ = {isa = PBXFileReference; lastKnownFileType = file.storyboard; name = Base; path = Base.lproj/LaunchScreen.storyboard; sourceTree = "<group>"; };
		1837A79C2332B7BB004E9A6D /* Info.plist */ = {isa = PBXFileReference; lastKnownFileType = text.plist.xml; path = Info.plist; sourceTree = "<group>"; };
		1837A7A12332B7BB004E9A6D /* CocoapodsDemoTests.xctest */ = {isa = PBXFileReference; explicitFileType = wrapper.cfbundle; includeInIndex = 0; path = CocoapodsDemoTests.xctest; sourceTree = BUILT_PRODUCTS_DIR; };
		1837A7A52332B7BB004E9A6D /* CocoapodsDemoTests.swift */ = {isa = PBXFileReference; lastKnownFileType = sourcecode.swift; path = CocoapodsDemoTests.swift; sourceTree = "<group>"; };
		1837A7A72332B7BB004E9A6D /* Info.plist */ = {isa = PBXFileReference; lastKnownFileType = text.plist.xml; path = Info.plist; sourceTree = "<group>"; };
		1837A7AC2332B7BB004E9A6D /* CocoapodsDemoUITests.xctest */ = {isa = PBXFileReference; explicitFileType = wrapper.cfbundle; includeInIndex = 0; path = CocoapodsDemoUITests.xctest; sourceTree = BUILT_PRODUCTS_DIR; };
		1837A7B02332B7BB004E9A6D /* CocoapodsDemoUITests.swift */ = {isa = PBXFileReference; lastKnownFileType = sourcecode.swift; path = CocoapodsDemoUITests.swift; sourceTree = "<group>"; };
		1837A7B22332B7BB004E9A6D /* Info.plist */ = {isa = PBXFileReference; lastKnownFileType = text.plist.xml; path = Info.plist; sourceTree = "<group>"; };
/* End PBXFileReference section */

/* Begin PBXFrameworksBuildPhase section */
		1837A78A2332B7BA004E9A6D /* Frameworks */ = {
			isa = PBXFrameworksBuildPhase;
			buildActionMask = 2147483647;
			files = (
			);
			runOnlyForDeploymentPostprocessing = 0;
		};
		1837A79E2332B7BB004E9A6D /* Frameworks */ = {
			isa = PBXFrameworksBuildPhase;
			buildActionMask = 2147483647;
			files = (
			);
			runOnlyForDeploymentPostprocessing = 0;
		};
		1837A7A92332B7BB004E9A6D /* Frameworks */ = {
			isa = PBXFrameworksBuildPhase;
			buildActionMask = 2147483647;
			files = (
			);
			runOnlyForDeploymentPostprocessing = 0;
		};
/* End PBXFrameworksBuildPhase section */

/* Begin PBXGroup section */
		1837A7842332B7B9004E9A6D = {
			isa = PBXGroup;
			children = (
				1837A78F2332B7BA004E9A6D /* CocoapodsDemo */,
				1837A7A42332B7BB004E9A6D /* CocoapodsDemoTests */,
				1837A7AF2332B7BB004E9A6D /* CocoapodsDemoUITests */,
				1837A78E2332B7BA004E9A6D /* Products */,
			);
			sourceTree = "<group>";
		};
		1837A78E2332B7BA004E9A6D /* Products */ = {
			isa = PBXGroup;
			children = (
				1837A78D2332B7BA004E9A6D /* CocoapodsDemo.app */,
				1837A7A12332B7BB004E9A6D /* CocoapodsDemoTests.xctest */,
				1837A7AC2332B7BB004E9A6D /* CocoapodsDemoUITests.xctest */,
			);
			name = Products;
			sourceTree = "<group>";
		};
		1837A78F2332B7BA004E9A6D /* CocoapodsDemo */ = {
			isa = PBXGroup;
			children = (
				1837A7902332B7BA004E9A6D /* AppDelegate.swift */,
				1837A7922332B7BA004E9A6D /* ViewController.swift */,
				1837A7942332B7BA004E9A6D /* Main.storyboard */,
				1837A7972332B7BB004E9A6D /* Assets.xcassets */,
				1837A7992332B7BB004E9A6D /* LaunchScreen.storyboard */,
				1837A79C2332B7BB004E9A6D /* Info.plist */,
			);
			path = CocoapodsDemo;
			sourceTree = "<group>";
		};
		1837A7A42332B7BB004E9A6D /* CocoapodsDemoTests */ = {
			isa = PBXGroup;
			children = (
				1837A7A52332B7BB004E9A6D /* CocoapodsDemoTests.swift */,
				1837A7A72332B7BB004E9A6D /* Info.plist */,
			);
			path = CocoapodsDemoTests;
			sourceTree = "<group>";
		};
		1837A7AF2332B7BB004E9A6D /* CocoapodsDemoUITests */ = {
			isa = PBXGroup;
			children = (
				1837A7B02332B7BB004E9A6D /* CocoapodsDemoUITests.swift */,
				1837A7B22332B7BB004E9A6D /* Info.plist */,
			);
			path = CocoapodsDemoUITests;
			sourceTree = "<group>";
		};
/* End PBXGroup section */

/* Begin PBXNativeTarget section */
		1837A78C2332B7BA004E9A6D /* CocoapodsDemo */ = {
			isa = PBXNativeTarget;
			buildConfigurationList = 1837A7B52332B7BB004E9A6D /* Build configuration list for PBXNativeTarget "CocoapodsDemo" */;
			buildPhases = (
				1837A7892332B7BA004E9A6D /* Sources */,
				1837A78A2332B7BA004E9A6D /* Frameworks */,
				1837A78B2332B7BA004E9A6D /* Resources */,
			);
			buildRules = (
			);
			dependencies = (
			);
			name = CocoapodsDemo;
			productName = CocoapodsDemo;
			productReference = 1837A78D2332B7BA004E9A6D /* CocoapodsDemo.app */;
			productType = "com.apple.product-type.application";
		};
		1837A7A02332B7BB004E9A6D /* CocoapodsDemoTests */ = {
			isa = PBXNativeTarget;
			buildConfigurationList = 1837A7B82332B7BB004E9A6D /* Build configuration list for PBXNativeTarget "CocoapodsDemoTests" */;
			buildPhases = (
				1837A79D2332B7BB004E9A6D /* Sources */,
				1837A79E2332B7BB004E9A6D /* Frameworks */,
				1837A79F2332B7BB004E9A6D /* Resources */,
			);
			buildRules = (
			);
			dependencies = (
				1837A7A32332B7BB004E9A6D /* PBXTargetDependency */,
			);
			name = CocoapodsDemoTests;
			productName = CocoapodsDemoTests;
			productReference = 1837A7A12332B7BB004E9A6D /* CocoapodsDemoTests.xctest */;
			productType = "com.apple.product-type.bundle.unit-test";
		};
		1837A7AB2332B7BB004E9A6D /* CocoapodsDemoUITests */ = {
			isa = PBXNativeTarget;
			buildConfigurationList = 1837A7BB2332B7BB004E9A6D /* Build configuration list for PBXNativeTarget "CocoapodsDemoUITests" */;
			buildPhases = (
				1837A7A82332B7BB004E9A6D /* Sources */,
				1837A7A92332B7BB004E9A6D /* Frameworks */,
				1837A7AA2332B7BB004E9A6D /* Resources */,
			);
			buildRules = (
			);
			dependencies = (
				1837A7AE2332B7BB004E9A6D /* PBXTargetDependency */,
			);
			name = CocoapodsDemoUITests;
			productName = CocoapodsDemoUITests;
			productReference = 1837A7AC2332B7BB004E9A6D /* CocoapodsDemoUITests.xctest */;
			productType = "com.apple.product-type.bundle.ui-testing";
		};
/* End PBXNativeTarget section */

/* Begin PBXProject section */
		1837A7852332B7BA004E9A6D /* Project object */ = {
			isa = PBXProject;
			attributes = {
				LastSwiftUpdateCheck = 1030;
				LastUpgradeCheck = 1030;
				ORGANIZATIONNAME = "Xin Chen";
				TargetAttributes = {
					1837A78C2332B7BA004E9A6D = {
						CreatedOnToolsVersion = 10.3;
					};
					1837A7A02332B7BB004E9A6D = {
						CreatedOnToolsVersion = 10.3;
						TestTargetID = 1837A78C2332B7BA004E9A6D;
					};
					1837A7AB2332B7BB004E9A6D = {
						CreatedOnToolsVersion = 10.3;
						TestTargetID = 1837A78C2332B7BA004E9A6D;
					};
				};
			};
			buildConfigurationList = 1837A7882332B7BA004E9A6D /* Build configuration list for PBXProject "CocoapodsDemo" */;
			compatibilityVersion = "Xcode 9.3";
			developmentRegion = en;
			hasScannedForEncodings = 0;
			knownRegions = (
				en,
				Base,
			);
			mainGroup = 1837A7842332B7B9004E9A6D;
			productRefGroup = 1837A78E2332B7BA004E9A6D /* Products */;
			projectDirPath = "";
			projectRoot = "";
			targets = (
				1837A78C2332B7BA004E9A6D /* CocoapodsDemo */,
				1837A7A02332B7BB004E9A6D /* CocoapodsDemoTests */,
				1837A7AB2332B7BB004E9A6D /* CocoapodsDemoUITests */,
			);
		};
/* End PBXProject section */

/* Begin PBXResourcesBuildPhase section */
		1837A78B2332B7BA004E9A6D /* Resources */ = {
			isa = PBXResourcesBuildPhase;
			buildActionMask = 2147483647;
			files = (
				1837A79B2332B7BB004E9A6D /* LaunchScreen.storyboard in Resources */,
				1837A7982332B7BB004E9A6D /* Assets.xcassets in Resources */,
				1837A7962332B7BA004E9A6D /* Main.storyboard in Resources */,
			);
			runOnlyForDeploymentPostprocessing = 0;
		};
		1837A79F2332B7BB004E9A6D /* Resources */ = {
			isa = PBXResourcesBuildPhase;
			buildActionMask = 2147483647;
			files = (
			);
			runOnlyForDeploymentPostprocessing = 0;
		};
		1837A7AA2332B7BB004E9A6D /* Resources */ = {
			isa = PBXResourcesBuildPhase;
			buildActionMask = 2147483647;
			files = (
			);
			runOnlyForDeploymentPostprocessing = 0;
		};
/* End PBXResourcesBuildPhase section */

/* Begin PBXSourcesBuildPhase section */
		1837A7892332B7BA004E9A6D /* Sources */ = {
			isa = PBXSourcesBuildPhase;
			buildActionMask = 2147483647;
			files = (
				1837A7932332B7BA004E9A6D /* ViewController.swift in Sources */,
				1837A7912332B7BA004E9A6D /* AppDelegate.swift in Sources */,
			);
			runOnlyForDeploymentPostprocessing = 0;
		};
		1837A79D2332B7BB004E9A6D /* Sources */ = {
			isa = PBXSourcesBuildPhase;
			buildActionMask = 2147483647;
			files = (
				1837A7A62332B7BB004E9A6D /* CocoapodsDemoTests.swift in Sources */,
			);
			runOnlyForDeploymentPostprocessing = 0;
		};
		1837A7A82332B7BB004E9A6D /* Sources */ = {
			isa = PBXSourcesBuildPhase;
			buildActionMask = 2147483647;
			files = (
				1837A7B12332B7BB004E9A6D /* CocoapodsDemoUITests.swift in Sources */,
			);
			runOnlyForDeploymentPostprocessing = 0;
		};
/* End PBXSourcesBuildPhase section */

/* Begin PBXTargetDependency section */
		1837A7A32332B7BB004E9A6D /* PBXTargetDependency */ = {
			isa = PBXTargetDependency;
			target = 1837A78C2332B7BA004E9A6D /* CocoapodsDemo */;
			targetProxy = 1837A7A22332B7BB004E9A6D /* PBXContainerItemProxy */;
		};
		1837A7AE2332B7BB004E9A6D /* PBXTargetDependency */ = {
			isa = PBXTargetDependency;
			target = 1837A78C2332B7BA004E9A6D /* CocoapodsDemo */;
			targetProxy = 1837A7AD2332B7BB004E9A6D /* PBXContainerItemProxy */;
		};
/* End PBXTargetDependency section */

/* Begin PBXVariantGroup section */
		1837A7942332B7BA004E9A6D /* Main.storyboard */ = {
			isa = PBXVariantGroup;
			children = (
				1837A7952332B7BA004E9A6D /* Base */,
			);
			name = Main.storyboard;
			sourceTree = "<group>";
		};
		1837A7992332B7BB004E9A6D /* LaunchScreen.storyboard */ = {
			isa = PBXVariantGroup;
			children = (
				1837A79A2332B7BB004E9A6D /* Base */,
			);
			name = LaunchScreen.storyboard;
			sourceTree = "<group>";
		};
/* End PBXVariantGroup section */

/* Begin XCBuildConfiguration section */
		1837A7B32332B7BB004E9A6D /* Debug */ = {
			isa = XCBuildConfiguration;
			buildSettings = {
				ALWAYS_SEARCH_USER_PATHS = NO;
				CLANG_ANALYZER_NONNULL = YES;
				CLANG_ANALYZER_NUMBER_OBJECT_CONVERSION = YES_AGGRESSIVE;
				CLANG_CXX_LANGUAGE_STANDARD = "gnu++14";
				CLANG_CXX_LIBRARY = "libc++";
				CLANG_ENABLE_MODULES = YES;
				CLANG_ENABLE_OBJC_ARC = YES;
				CLANG_ENABLE_OBJC_WEAK = YES;
				CLANG_WARN_BLOCK_CAPTURE_AUTORELEASING = YES;
				CLANG_WARN_BOOL_CONVERSION = YES;
				CLANG_WARN_COMMA = YES;
				CLANG_WARN_CONSTANT_CONVERSION = YES;
				CLANG_WARN_DEPRECATED_OBJC_IMPLEMENTATIONS = YES;
				CLANG_WARN_DIRECT_OBJC_ISA_USAGE = YES_ERROR;
				CLANG_WARN_DOCUMENTATION_COMMENTS = YES;
				CLANG_WARN_EMPTY_BODY = YES;
				CLANG_WARN_ENUM_CONVERSION = YES;
				CLANG_WARN_INFINITE_RECURSION = YES;
				CLANG_WARN_INT_CONVERSION = YES;
				CLANG_WARN_NON_LITERAL_NULL_CONVERSION = YES;
				CLANG_WARN_OBJC_IMPLICIT_RETAIN_SELF = YES;
				CLANG_WARN_OBJC_LITERAL_CONVERSION = YES;
				CLANG_WARN_OBJC_ROOT_CLASS = YES_ERROR;
				CLANG_WARN_RANGE_LOOP_ANALYSIS = YES;
				CLANG_WARN_STRICT_PROTOTYPES = YES;
				CLANG_WARN_SUSPICIOUS_MOVE = YES;
				CLANG_WARN_UNGUARDED_AVAILABILITY = YES_AGGRESSIVE;
				CLANG_WARN_UNREACHABLE_CODE = YES;
				CLANG_WARN__DUPLICATE_METHOD_MATCH = YES;
				CODE_SIGN_IDENTITY = "iPhone Developer";
				COPY_PHASE_STRIP = NO;
				DEBUG_INFORMATION_FORMAT = dwarf;
				ENABLE_STRICT_OBJC_MSGSEND = YES;
				ENABLE_TESTABILITY = YES;
				GCC_C_LANGUAGE_STANDARD = gnu11;
				GCC_DYNAMIC_NO_PIC = NO;
				GCC_NO_COMMON_BLOCKS = YES;
				GCC_OPTIMIZATION_LEVEL = 0;
				GCC_PREPROCESSOR_DEFINITIONS = (
					"DEBUG=1",
					"$(inherited)",
				);
				GCC_WARN_64_TO_32_BIT_CONVERSION = YES;
				GCC_WARN_ABOUT_RETURN_TYPE = YES_ERROR;
				GCC_WARN_UNDECLARED_SELECTOR = YES;
				GCC_WARN_UNINITIALIZED_AUTOS = YES_AGGRESSIVE;
				GCC_WARN_UNUSED_FUNCTION = YES;
				GCC_WARN_UNUSED_VARIABLE = YES;
				IPHONEOS_DEPLOYMENT_TARGET = 12.4;
				MTL_ENABLE_DEBUG_INFO = INCLUDE_SOURCE;
				MTL_FAST_MATH = YES;
				ONLY_ACTIVE_ARCH = YES;
				SDKROOT = iphoneos;
				SWIFT_ACTIVE_COMPILATION_CONDITIONS = DEBUG;
				SWIFT_OPTIMIZATION_LEVEL = "-Onone";
			};
			name = Debug;
		};
		1837A7B42332B7BB004E9A6D /* Release */ = {
			isa = XCBuildConfiguration;
			buildSettings = {
				ALWAYS_SEARCH_USER_PATHS = NO;
				CLANG_ANALYZER_NONNULL = YES;
				CLANG_ANALYZER_NUMBER_OBJECT_CONVERSION = YES_AGGRESSIVE;
				CLANG_CXX_LANGUAGE_STANDARD = "gnu++14";
				CLANG_CXX_LIBRARY = "libc++";
				CLANG_ENABLE_MODULES = YES;
				CLANG_ENABLE_OBJC_ARC = YES;
				CLANG_ENABLE_OBJC_WEAK = YES;
				CLANG_WARN_BLOCK_CAPTURE_AUTORELEASING = YES;
				CLANG_WARN_BOOL_CONVERSION = YES;
				CLANG_WARN_COMMA = YES;
				CLANG_WARN_CONSTANT_CONVERSION = YES;
				CLANG_WARN_DEPRECATED_OBJC_IMPLEMENTATIONS = YES;
				CLANG_WARN_DIRECT_OBJC_ISA_USAGE = YES_ERROR;
				CLANG_WARN_DOCUMENTATION_COMMENTS = YES;
				CLANG_WARN_EMPTY_BODY = YES;
				CLANG_WARN_ENUM_CONVERSION = YES;
				CLANG_WARN_INFINITE_RECURSION = YES;
				CLANG_WARN_INT_CONVERSION = YES;
				CLANG_WARN_NON_LITERAL_NULL_CONVERSION = YES;
				CLANG_WARN_OBJC_IMPLICIT_RETAIN_SELF = YES;
				CLANG_WARN_OBJC_LITERAL_CONVERSION = YES;
				CLANG_WARN_OBJC_ROOT_CLASS = YES_ERROR;
				CLANG_WARN_RANGE_LOOP_ANALYSIS = YES;
				CLANG_WARN_STRICT_PROTOTYPES = YES;
				CLANG_WARN_SUSPICIOUS_MOVE = YES;
				CLANG_WARN_UNGUARDED_AVAILABILITY = YES_AGGRESSIVE;
				CLANG_WARN_UNREACHABLE_CODE = YES;
				CLANG_WARN__DUPLICATE_METHOD_MATCH = YES;
				CODE_SIGN_IDENTITY = "iPhone Developer";
				COPY_PHASE_STRIP = NO;
				DEBUG_INFORMATION_FORMAT = "dwarf-with-dsym";
				ENABLE_NS_ASSERTIONS = NO;
				ENABLE_STRICT_OBJC_MSGSEND = YES;
				GCC_C_LANGUAGE_STANDARD = gnu11;
				GCC_NO_COMMON_BLOCKS = YES;
				GCC_WARN_64_TO_32_BIT_CONVERSION = YES;
				GCC_WARN_ABOUT_RETURN_TYPE = YES_ERROR;
				GCC_WARN_UNDECLARED_SELECTOR = YES;
				GCC_WARN_UNINITIALIZED_AUTOS = YES_AGGRESSIVE;
				GCC_WARN_UNUSED_FUNCTION = YES;
				GCC_WARN_UNUSED_VARIABLE = YES;
				IPHONEOS_DEPLOYMENT_TARGET = 12.4;
				MTL_ENABLE_DEBUG_INFO = NO;
				MTL_FAST_MATH = YES;
				SDKROOT = iphoneos;
				SWIFT_COMPILATION_MODE = wholemodule;
				SWIFT_OPTIMIZATION_LEVEL = "-O";
				VALIDATE_PRODUCT = YES;
			};
			name = Release;
		};
		1837A7B62332B7BB004E9A6D /* Debug */ = {
			isa = XCBuildConfiguration;
			buildSettings = {
				ASSETCATALOG_COMPILER_APPICON_NAME = AppIcon;
				CODE_SIGN_STYLE = Automatic;
				DEVELOPMENT_TEAM = 9356HDCM28;
				INFOPLIST_FILE = CocoapodsDemo/Info.plist;
				LD_RUNPATH_SEARCH_PATHS = (
					"$(inherited)",
					"@executable_path/Frameworks",
				);
				PRODUCT_BUNDLE_IDENTIFIER = Ariel.CocoapodsDemo;
				PRODUCT_NAME = "$(TARGET_NAME)";
				SWIFT_VERSION = 5.0;
				TARGETED_DEVICE_FAMILY = "1,2";
			};
			name = Debug;
		};
		1837A7B72332B7BB004E9A6D /* Release */ = {
			isa = XCBuildConfiguration;
			buildSettings = {
				ASSETCATALOG_COMPILER_APPICON_NAME = AppIcon;
				CODE_SIGN_STYLE = Automatic;
				DEVELOPMENT_TEAM = 9356HDCM28;
				INFOPLIST_FILE = CocoapodsDemo/Info.plist;
				LD_RUNPATH_SEARCH_PATHS = (
					"$(inherited)",
					"@executable_path/Frameworks",
				);
				PRODUCT_BUNDLE_IDENTIFIER = Ariel.CocoapodsDemo;
				PRODUCT_NAME = "$(TARGET_NAME)";
				SWIFT_VERSION = 5.0;
				TARGETED_DEVICE_FAMILY = "1,2";
			};
			name = Release;
		};
		1837A7B92332B7BB004E9A6D /* Debug */ = {
			isa = XCBuildConfiguration;
			buildSettings = {
				ALWAYS_EMBED_SWIFT_STANDARD_LIBRARIES = YES;
				BUNDLE_LOADER = "$(TEST_HOST)";
				CODE_SIGN_STYLE = Automatic;
				DEVELOPMENT_TEAM = 9356HDCM28;
				INFOPLIST_FILE = CocoapodsDemoTests/Info.plist;
				LD_RUNPATH_SEARCH_PATHS = (
					"$(inherited)",
					"@executable_path/Frameworks",
					"@loader_path/Frameworks",
				);
				PRODUCT_BUNDLE_IDENTIFIER = Ariel.CocoapodsDemoTests;
				PRODUCT_NAME = "$(TARGET_NAME)";
				SWIFT_VERSION = 5.0;
				TARGETED_DEVICE_FAMILY = "1,2";
				TEST_HOST = "$(BUILT_PRODUCTS_DIR)/CocoapodsDemo.app/CocoapodsDemo";
			};
			name = Debug;
		};
		1837A7BA2332B7BB004E9A6D /* Release */ = {
			isa = XCBuildConfiguration;
			buildSettings = {
				ALWAYS_EMBED_SWIFT_STANDARD_LIBRARIES = YES;
				BUNDLE_LOADER = "$(TEST_HOST)";
				CODE_SIGN_STYLE = Automatic;
				DEVELOPMENT_TEAM = 9356HDCM28;
				INFOPLIST_FILE = CocoapodsDemoTests/Info.plist;
				LD_RUNPATH_SEARCH_PATHS = (
					"$(inherited)",
					"@executable_path/Frameworks",
					"@loader_path/Frameworks",
				);
				PRODUCT_BUNDLE_IDENTIFIER = Ariel.CocoapodsDemoTests;
				PRODUCT_NAME = "$(TARGET_NAME)";
				SWIFT_VERSION = 5.0;
				TARGETED_DEVICE_FAMILY = "1,2";
				TEST_HOST = "$(BUILT_PRODUCTS_DIR)/CocoapodsDemo.app/CocoapodsDemo";
			};
			name = Release;
		};
		1837A7BC2332B7BB004E9A6D /* Debug */ = {
			isa = XCBuildConfiguration;
			buildSettings = {
				ALWAYS_EMBED_SWIFT_STANDARD_LIBRARIES = YES;
				CODE_SIGN_STYLE = Automatic;
				DEVELOPMENT_TEAM = 9356HDCM28;
				INFOPLIST_FILE = CocoapodsDemoUITests/Info.plist;
				LD_RUNPATH_SEARCH_PATHS = (
					"$(inherited)",
					"@executable_path/Frameworks",
					"@loader_path/Frameworks",
				);
				PRODUCT_BUNDLE_IDENTIFIER = Ariel.CocoapodsDemoUITests;
				PRODUCT_NAME = "$(TARGET_NAME)";
				SWIFT_VERSION = 5.0;
				TARGETED_DEVICE_FAMILY = "1,2";
				TEST_TARGET_NAME = CocoapodsDemo;
			};
			name = Debug;
		};
		1837A7BD2332B7BB004E9A6D /* Release */ = {
			isa = XCBuildConfiguration;
			buildSettings = {
				ALWAYS_EMBED_SWIFT_STANDARD_LIBRARIES = YES;
				CODE_SIGN_STYLE = Automatic;
				DEVELOPMENT_TEAM = 9356HDCM28;
				INFOPLIST_FILE = CocoapodsDemoUITests/Info.plist;
				LD_RUNPATH_SEARCH_PATHS = (
					"$(inherited)",
					"@executable_path/Frameworks",
					"@loader_path/Frameworks",
				);
				PRODUCT_BUNDLE_IDENTIFIER = Ariel.CocoapodsDemoUITests;
				PRODUCT_NAME = "$(TARGET_NAME)";
				SWIFT_VERSION = 5.0;
				TARGETED_DEVICE_FAMILY = "1,2";
				TEST_TARGET_NAME = CocoapodsDemo;
			};
			name = Release;
		};
/* End XCBuildConfiguration section */

/* Begin XCConfigurationList section */
		1837A7882332B7BA004E9A6D /* Build configuration list for PBXProject "CocoapodsDemo" */ = {
			isa = XCConfigurationList;
			buildConfigurations = (
				1837A7B32332B7BB004E9A6D /* Debug */,
				1837A7B42332B7BB004E9A6D /* Release */,
			);
			defaultConfigurationIsVisible = 0;
			defaultConfigurationName = Release;
		};
		1837A7B52332B7BB004E9A6D /* Build configuration list for PBXNativeTarget "CocoapodsDemo" */ = {
			isa = XCConfigurationList;
			buildConfigurations = (
				1837A7B62332B7BB004E9A6D /* Debug */,
				1837A7B72332B7BB004E9A6D /* Release */,
			);
			defaultConfigurationIsVisible = 0;
			defaultConfigurationName = Release;
		};
		1837A7B82332B7BB004E9A6D /* Build configuration list for PBXNativeTarget "CocoapodsDemoTests" */ = {
			isa = XCConfigurationList;
			buildConfigurations = (
				1837A7B92332B7BB004E9A6D /* Debug */,
				1837A7BA2332B7BB004E9A6D /* Release */,
			);
			defaultConfigurationIsVisible = 0;
			defaultConfigurationName = Release;
		};
		1837A7BB2332B7BB004E9A6D /* Build configuration list for PBXNativeTarget "CocoapodsDemoUITests" */ = {
			isa = XCConfigurationList;
			buildConfigurations = (
				1837A7BC2332B7BB004E9A6D /* Debug */,
				1837A7BD2332B7BB004E9A6D /* Release */,
			);
			defaultConfigurationIsVisible = 0;
			defaultConfigurationName = Release;
		};
/* End XCConfigurationList section */
	};
	rootObject = 1837A7852332B7BA004E9A6D /* Project object */;
}
